// !$*UTF8*$!
{
	archiveVersion = 1;
	classes = {
	};
	objectVersion = 50;
	objects = {

/* Begin PBXBuildFile section */
		89AE057C2224DC67007029D3 /* AppDelegate.swift in Sources */ = {isa = PBXBuildFile; fileRef = 89AE057B2224DC67007029D3 /* AppDelegate.swift */; };
		89AE057E2224DC67007029D3 /* ViewController.swift in Sources */ = {isa = PBXBuildFile; fileRef = 89AE057D2224DC67007029D3 /* ViewController.swift */; };
		89AE05812224DC67007029D3 /* Main.storyboard in Resources */ = {isa = PBXBuildFile; fileRef = 89AE057F2224DC67007029D3 /* Main.storyboard */; };
		89AE05832224DC68007029D3 /* Assets.xcassets in Resources */ = {isa = PBXBuildFile; fileRef = 89AE05822224DC68007029D3 /* Assets.xcassets */; };
		89AE05862224DC68007029D3 /* LaunchScreen.storyboard in Resources */ = {isa = PBXBuildFile; fileRef = 89AE05842224DC68007029D3 /* LaunchScreen.storyboard */; };
		89AE05912224DC68007029D3 /* SaaSiOSTests.swift in Sources */ = {isa = PBXBuildFile; fileRef = 89AE05902224DC68007029D3 /* SaaSiOSTests.swift */; };
		89AE059C2224DC68007029D3 /* SaaSiOSUITests.swift in Sources */ = {isa = PBXBuildFile; fileRef = 89AE059B2224DC68007029D3 /* SaaSiOSUITests.swift */; };
/* End PBXBuildFile section */

/* Begin PBXContainerItemProxy section */
		89AE058D2224DC68007029D3 /* PBXContainerItemProxy */ = {
			isa = PBXContainerItemProxy;
			containerPortal = 89AE05702224DC67007029D3 /* Project object */;
			proxyType = 1;
			remoteGlobalIDString = 89AE05772224DC67007029D3;
			remoteInfo = SaaSiOS;
		};
		89AE05982224DC68007029D3 /* PBXContainerItemProxy */ = {
			isa = PBXContainerItemProxy;
			containerPortal = 89AE05702224DC67007029D3 /* Project object */;
			proxyType = 1;
			remoteGlobalIDString = 89AE05772224DC67007029D3;
			remoteInfo = SaaSiOS;
		};
/* End PBXContainerItemProxy section */

/* Begin PBXFileReference section */
		89AE05782224DC67007029D3 /* SaaSiOS.app */ = {isa = PBXFileReference; explicitFileType = wrapper.application; includeInIndex = 0; path = SaaSiOS.app; sourceTree = BUILT_PRODUCTS_DIR; };
		89AE057B2224DC67007029D3 /* AppDelegate.swift */ = {isa = PBXFileReference; lastKnownFileType = sourcecode.swift; path = AppDelegate.swift; sourceTree = "<group>"; };
		89AE057D2224DC67007029D3 /* ViewController.swift */ = {isa = PBXFileReference; lastKnownFileType = sourcecode.swift; path = ViewController.swift; sourceTree = "<group>"; };
		89AE05802224DC67007029D3 /* Base */ = {isa = PBXFileReference; lastKnownFileType = file.storyboard; name = Base; path = Base.lproj/Main.storyboard; sourceTree = "<group>"; };
		89AE05822224DC68007029D3 /* Assets.xcassets */ = {isa = PBXFileReference; lastKnownFileType = folder.assetcatalog; path = Assets.xcassets; sourceTree = "<group>"; };
		89AE05852224DC68007029D3 /* Base */ = {isa = PBXFileReference; lastKnownFileType = file.storyboard; name = Base; path = Base.lproj/LaunchScreen.storyboard; sourceTree = "<group>"; };
		89AE05872224DC68007029D3 /* Info.plist */ = {isa = PBXFileReference; lastKnownFileType = text.plist.xml; path = Info.plist; sourceTree = "<group>"; };
		89AE058C2224DC68007029D3 /* SaaSiOSTests.xctest */ = {isa = PBXFileReference; explicitFileType = wrapper.cfbundle; includeInIndex = 0; path = SaaSiOSTests.xctest; sourceTree = BUILT_PRODUCTS_DIR; };
		89AE05902224DC68007029D3 /* SaaSiOSTests.swift */ = {isa = PBXFileReference; lastKnownFileType = sourcecode.swift; path = SaaSiOSTests.swift; sourceTree = "<group>"; };
		89AE05922224DC68007029D3 /* Info.plist */ = {isa = PBXFileReference; lastKnownFileType = text.plist.xml; path = Info.plist; sourceTree = "<group>"; };
		89AE05972224DC68007029D3 /* SaaSiOSUITests.xctest */ = {isa = PBXFileReference; explicitFileType = wrapper.cfbundle; includeInIndex = 0; path = SaaSiOSUITests.xctest; sourceTree = BUILT_PRODUCTS_DIR; };
		89AE059B2224DC68007029D3 /* SaaSiOSUITests.swift */ = {isa = PBXFileReference; lastKnownFileType = sourcecode.swift; path = SaaSiOSUITests.swift; sourceTree = "<group>"; };
		89AE059D2224DC68007029D3 /* Info.plist */ = {isa = PBXFileReference; lastKnownFileType = text.plist.xml; path = Info.plist; sourceTree = "<group>"; };
/* End PBXFileReference section */

/* Begin PBXFrameworksBuildPhase section */
		89AE05752224DC67007029D3 /* Frameworks */ = {
			isa = PBXFrameworksBuildPhase;
			buildActionMask = 2147483647;
			files = (
			);
			runOnlyForDeploymentPostprocessing = 0;
		};
		89AE05892224DC68007029D3 /* Frameworks */ = {
			isa = PBXFrameworksBuildPhase;
			buildActionMask = 2147483647;
			files = (
			);
			runOnlyForDeploymentPostprocessing = 0;
		};
		89AE05942224DC68007029D3 /* Frameworks */ = {
			isa = PBXFrameworksBuildPhase;
			buildActionMask = 2147483647;
			files = (
			);
			runOnlyForDeploymentPostprocessing = 0;
		};
/* End PBXFrameworksBuildPhase section */

/* Begin PBXGroup section */
		89AE056F2224DC67007029D3 = {
			isa = PBXGroup;
			children = (
				89AE057A2224DC67007029D3 /* SaaSiOS */,
				89AE058F2224DC68007029D3 /* SaaSiOSTests */,
				89AE059A2224DC68007029D3 /* SaaSiOSUITests */,
				89AE05792224DC67007029D3 /* Products */,
			);
			sourceTree = "<group>";
		};
		89AE05792224DC67007029D3 /* Products */ = {
			isa = PBXGroup;
			children = (
				89AE05782224DC67007029D3 /* SaaSiOS.app */,
				89AE058C2224DC68007029D3 /* SaaSiOSTests.xctest */,
				89AE05972224DC68007029D3 /* SaaSiOSUITests.xctest */,
			);
			name = Products;
			sourceTree = "<group>";
		};
		89AE057A2224DC67007029D3 /* SaaSiOS */ = {
			isa = PBXGroup;
			children = (
				89AE057B2224DC67007029D3 /* AppDelegate.swift */,
				89AE057D2224DC67007029D3 /* ViewController.swift */,
				89AE057F2224DC67007029D3 /* Main.storyboard */,
				89AE05822224DC68007029D3 /* Assets.xcassets */,
				89AE05842224DC68007029D3 /* LaunchScreen.storyboard */,
				89AE05872224DC68007029D3 /* Info.plist */,
			);
			path = SaaSiOS;
			sourceTree = "<group>";
		};
		89AE058F2224DC68007029D3 /* SaaSiOSTests */ = {
			isa = PBXGroup;
			children = (
				89AE05902224DC68007029D3 /* SaaSiOSTests.swift */,
				89AE05922224DC68007029D3 /* Info.plist */,
			);
			path = SaaSiOSTests;
			sourceTree = "<group>";
		};
		89AE059A2224DC68007029D3 /* SaaSiOSUITests */ = {
			isa = PBXGroup;
			children = (
				89AE059B2224DC68007029D3 /* SaaSiOSUITests.swift */,
				89AE059D2224DC68007029D3 /* Info.plist */,
			);
			path = SaaSiOSUITests;
			sourceTree = "<group>";
		};
/* End PBXGroup section */

/* Begin PBXNativeTarget section */
		89AE05772224DC67007029D3 /* SaaSiOS */ = {
			isa = PBXNativeTarget;
			buildConfigurationList = 89AE05A02224DC68007029D3 /* Build configuration list for PBXNativeTarget "SaaSiOS" */;
			buildPhases = (
				89AE05742224DC67007029D3 /* Sources */,
				89AE05752224DC67007029D3 /* Frameworks */,
				89AE05762224DC67007029D3 /* Resources */,
			);
			buildRules = (
			);
			dependencies = (
			);
			name = SaaSiOS;
			productName = SaaSiOS;
			productReference = 89AE05782224DC67007029D3 /* SaaSiOS.app */;
			productType = "com.apple.product-type.application";
		};
		89AE058B2224DC68007029D3 /* SaaSiOSTests */ = {
			isa = PBXNativeTarget;
			buildConfigurationList = 89AE05A32224DC68007029D3 /* Build configuration list for PBXNativeTarget "SaaSiOSTests" */;
			buildPhases = (
				89AE05882224DC68007029D3 /* Sources */,
				89AE05892224DC68007029D3 /* Frameworks */,
				89AE058A2224DC68007029D3 /* Resources */,
			);
			buildRules = (
			);
			dependencies = (
				89AE058E2224DC68007029D3 /* PBXTargetDependency */,
			);
			name = SaaSiOSTests;
			productName = SaaSiOSTests;
			productReference = 89AE058C2224DC68007029D3 /* SaaSiOSTests.xctest */;
			productType = "com.apple.product-type.bundle.unit-test";
		};
		89AE05962224DC68007029D3 /* SaaSiOSUITests */ = {
			isa = PBXNativeTarget;
			buildConfigurationList = 89AE05A62224DC68007029D3 /* Build configuration list for PBXNativeTarget "SaaSiOSUITests" */;
			buildPhases = (
				89AE05932224DC68007029D3 /* Sources */,
				89AE05942224DC68007029D3 /* Frameworks */,
				89AE05952224DC68007029D3 /* Resources */,
			);
			buildRules = (
			);
			dependencies = (
				89AE05992224DC68007029D3 /* PBXTargetDependency */,
			);
			name = SaaSiOSUITests;
			productName = SaaSiOSUITests;
			productReference = 89AE05972224DC68007029D3 /* SaaSiOSUITests.xctest */;
			productType = "com.apple.product-type.bundle.ui-testing";
		};
/* End PBXNativeTarget section */

/* Begin PBXProject section */
		89AE05702224DC67007029D3 /* Project object */ = {
			isa = PBXProject;
			attributes = {
				LastSwiftUpdateCheck = 1010;
				LastUpgradeCheck = 1010;
				ORGANIZATIONNAME = "Adithya Mukund";
				TargetAttributes = {
					89AE05772224DC67007029D3 = {
						CreatedOnToolsVersion = 10.1;
					};
					89AE058B2224DC68007029D3 = {
						CreatedOnToolsVersion = 10.1;
						TestTargetID = 89AE05772224DC67007029D3;
					};
					89AE05962224DC68007029D3 = {
						CreatedOnToolsVersion = 10.1;
						TestTargetID = 89AE05772224DC67007029D3;
					};
				};
			};
			buildConfigurationList = 89AE05732224DC67007029D3 /* Build configuration list for PBXProject "SaaSiOS" */;
			compatibilityVersion = "Xcode 9.3";
			developmentRegion = en;
			hasScannedForEncodings = 0;
			knownRegions = (
				en,
				Base,
			);
			mainGroup = 89AE056F2224DC67007029D3;
			productRefGroup = 89AE05792224DC67007029D3 /* Products */;
			projectDirPath = "";
			projectRoot = "";
			targets = (
				89AE05772224DC67007029D3 /* SaaSiOS */,
				89AE058B2224DC68007029D3 /* SaaSiOSTests */,
				89AE05962224DC68007029D3 /* SaaSiOSUITests */,
			);
		};
/* End PBXProject section */

/* Begin PBXResourcesBuildPhase section */
		89AE05762224DC67007029D3 /* Resources */ = {
			isa = PBXResourcesBuildPhase;
			buildActionMask = 2147483647;
			files = (
				89AE05862224DC68007029D3 /* LaunchScreen.storyboard in Resources */,
				89AE05832224DC68007029D3 /* Assets.xcassets in Resources */,
				89AE05812224DC67007029D3 /* Main.storyboard in Resources */,
			);
			runOnlyForDeploymentPostprocessing = 0;
		};
		89AE058A2224DC68007029D3 /* Resources */ = {
			isa = PBXResourcesBuildPhase;
			buildActionMask = 2147483647;
			files = (
			);
			runOnlyForDeploymentPostprocessing = 0;
		};
		89AE05952224DC68007029D3 /* Resources */ = {
			isa = PBXResourcesBuildPhase;
			buildActionMask = 2147483647;
			files = (
			);
			runOnlyForDeploymentPostprocessing = 0;
		};
/* End PBXResourcesBuildPhase section */

/* Begin PBXSourcesBuildPhase section */
		89AE05742224DC67007029D3 /* Sources */ = {
			isa = PBXSourcesBuildPhase;
			buildActionMask = 2147483647;
			files = (
				89AE057E2224DC67007029D3 /* ViewController.swift in Sources */,
				89AE057C2224DC67007029D3 /* AppDelegate.swift in Sources */,
			);
			runOnlyForDeploymentPostprocessing = 0;
		};
		89AE05882224DC68007029D3 /* Sources */ = {
			isa = PBXSourcesBuildPhase;
			buildActionMask = 2147483647;
			files = (
				89AE05912224DC68007029D3 /* SaaSiOSTests.swift in Sources */,
			);
			runOnlyForDeploymentPostprocessing = 0;
		};
		89AE05932224DC68007029D3 /* Sources */ = {
			isa = PBXSourcesBuildPhase;
			buildActionMask = 2147483647;
			files = (
				89AE059C2224DC68007029D3 /* SaaSiOSUITests.swift in Sources */,
			);
			runOnlyForDeploymentPostprocessing = 0;
		};
/* End PBXSourcesBuildPhase section */

/* Begin PBXTargetDependency section */
		89AE058E2224DC68007029D3 /* PBXTargetDependency */ = {
			isa = PBXTargetDependency;
			target = 89AE05772224DC67007029D3 /* SaaSiOS */;
			targetProxy = 89AE058D2224DC68007029D3 /* PBXContainerItemProxy */;
		};
		89AE05992224DC68007029D3 /* PBXTargetDependency */ = {
			isa = PBXTargetDependency;
			target = 89AE05772224DC67007029D3 /* SaaSiOS */;
			targetProxy = 89AE05982224DC68007029D3 /* PBXContainerItemProxy */;
		};
/* End PBXTargetDependency section */

/* Begin PBXVariantGroup section */
		89AE057F2224DC67007029D3 /* Main.storyboard */ = {
			isa = PBXVariantGroup;
			children = (
				89AE05802224DC67007029D3 /* Base */,
			);
			name = Main.storyboard;
			sourceTree = "<group>";
		};
		89AE05842224DC68007029D3 /* LaunchScreen.storyboard */ = {
			isa = PBXVariantGroup;
			children = (
				89AE05852224DC68007029D3 /* Base */,
			);
			name = LaunchScreen.storyboard;
			sourceTree = "<group>";
		};
/* End PBXVariantGroup section */

/* Begin XCBuildConfiguration section */
		89AE059E2224DC68007029D3 /* Debug */ = {
			isa = XCBuildConfiguration;
			buildSettings = {
				ALWAYS_SEARCH_USER_PATHS = NO;
				CLANG_ANALYZER_NONNULL = YES;
				CLANG_ANALYZER_NUMBER_OBJECT_CONVERSION = YES_AGGRESSIVE;
				CLANG_CXX_LANGUAGE_STANDARD = "gnu++14";
				CLANG_CXX_LIBRARY = "libc++";
				CLANG_ENABLE_MODULES = YES;
				CLANG_ENABLE_OBJC_ARC = YES;
				CLANG_ENABLE_OBJC_WEAK = YES;
				CLANG_WARN_BLOCK_CAPTURE_AUTORELEASING = YES;
				CLANG_WARN_BOOL_CONVERSION = YES;
				CLANG_WARN_COMMA = YES;
				CLANG_WARN_CONSTANT_CONVERSION = YES;
				CLANG_WARN_DEPRECATED_OBJC_IMPLEMENTATIONS = YES;
				CLANG_WARN_DIRECT_OBJC_ISA_USAGE = YES_ERROR;
				CLANG_WARN_DOCUMENTATION_COMMENTS = YES;
				CLANG_WARN_EMPTY_BODY = YES;
				CLANG_WARN_ENUM_CONVERSION = YES;
				CLANG_WARN_INFINITE_RECURSION = YES;
				CLANG_WARN_INT_CONVERSION = YES;
				CLANG_WARN_NON_LITERAL_NULL_CONVERSION = YES;
				CLANG_WARN_OBJC_IMPLICIT_RETAIN_SELF = YES;
				CLANG_WARN_OBJC_LITERAL_CONVERSION = YES;
				CLANG_WARN_OBJC_ROOT_CLASS = YES_ERROR;
				CLANG_WARN_RANGE_LOOP_ANALYSIS = YES;
				CLANG_WARN_STRICT_PROTOTYPES = YES;
				CLANG_WARN_SUSPICIOUS_MOVE = YES;
				CLANG_WARN_UNGUARDED_AVAILABILITY = YES_AGGRESSIVE;
				CLANG_WARN_UNREACHABLE_CODE = YES;
				CLANG_WARN__DUPLICATE_METHOD_MATCH = YES;
				CODE_SIGN_IDENTITY = "iPhone Developer";
				COPY_PHASE_STRIP = NO;
				DEBUG_INFORMATION_FORMAT = dwarf;
				ENABLE_STRICT_OBJC_MSGSEND = YES;
				ENABLE_TESTABILITY = YES;
				GCC_C_LANGUAGE_STANDARD = gnu11;
				GCC_DYNAMIC_NO_PIC = NO;
				GCC_NO_COMMON_BLOCKS = YES;
				GCC_OPTIMIZATION_LEVEL = 0;
				GCC_PREPROCESSOR_DEFINITIONS = (
					"DEBUG=1",
					"$(inherited)",
				);
				GCC_WARN_64_TO_32_BIT_CONVERSION = YES;
				GCC_WARN_ABOUT_RETURN_TYPE = YES_ERROR;
				GCC_WARN_UNDECLARED_SELECTOR = YES;
				GCC_WARN_UNINITIALIZED_AUTOS = YES_AGGRESSIVE;
				GCC_WARN_UNUSED_FUNCTION = YES;
				GCC_WARN_UNUSED_VARIABLE = YES;
				IPHONEOS_DEPLOYMENT_TARGET = 12.1;
				MTL_ENABLE_DEBUG_INFO = INCLUDE_SOURCE;
				MTL_FAST_MATH = YES;
				ONLY_ACTIVE_ARCH = YES;
				SDKROOT = iphoneos;
				SWIFT_ACTIVE_COMPILATION_CONDITIONS = DEBUG;
				SWIFT_OPTIMIZATION_LEVEL = "-Onone";
			};
			name = Debug;
		};
		89AE059F2224DC68007029D3 /* Release */ = {
			isa = XCBuildConfiguration;
			buildSettings = {
				ALWAYS_SEARCH_USER_PATHS = NO;
				CLANG_ANALYZER_NONNULL = YES;
				CLANG_ANALYZER_NUMBER_OBJECT_CONVERSION = YES_AGGRESSIVE;
				CLANG_CXX_LANGUAGE_STANDARD = "gnu++14";
				CLANG_CXX_LIBRARY = "libc++";
				CLANG_ENABLE_MODULES = YES;
				CLANG_ENABLE_OBJC_ARC = YES;
				CLANG_ENABLE_OBJC_WEAK = YES;
				CLANG_WARN_BLOCK_CAPTURE_AUTORELEASING = YES;
				CLANG_WARN_BOOL_CONVERSION = YES;
				CLANG_WARN_COMMA = YES;
				CLANG_WARN_CONSTANT_CONVERSION = YES;
				CLANG_WARN_DEPRECATED_OBJC_IMPLEMENTATIONS = YES;
				CLANG_WARN_DIRECT_OBJC_ISA_USAGE = YES_ERROR;
				CLANG_WARN_DOCUMENTATION_COMMENTS = YES;
				CLANG_WARN_EMPTY_BODY = YES;
				CLANG_WARN_ENUM_CONVERSION = YES;
				CLANG_WARN_INFINITE_RECURSION = YES;
				CLANG_WARN_INT_CONVERSION = YES;
				CLANG_WARN_NON_LITERAL_NULL_CONVERSION = YES;
				CLANG_WARN_OBJC_IMPLICIT_RETAIN_SELF = YES;
				CLANG_WARN_OBJC_LITERAL_CONVERSION = YES;
				CLANG_WARN_OBJC_ROOT_CLASS = YES_ERROR;
				CLANG_WARN_RANGE_LOOP_ANALYSIS = YES;
				CLANG_WARN_STRICT_PROTOTYPES = YES;
				CLANG_WARN_SUSPICIOUS_MOVE = YES;
				CLANG_WARN_UNGUARDED_AVAILABILITY = YES_AGGRESSIVE;
				CLANG_WARN_UNREACHABLE_CODE = YES;
				CLANG_WARN__DUPLICATE_METHOD_MATCH = YES;
				CODE_SIGN_IDENTITY = "iPhone Developer";
				COPY_PHASE_STRIP = NO;
				DEBUG_INFORMATION_FORMAT = "dwarf-with-dsym";
				ENABLE_NS_ASSERTIONS = NO;
				ENABLE_STRICT_OBJC_MSGSEND = YES;
				GCC_C_LANGUAGE_STANDARD = gnu11;
				GCC_NO_COMMON_BLOCKS = YES;
				GCC_WARN_64_TO_32_BIT_CONVERSION = YES;
				GCC_WARN_ABOUT_RETURN_TYPE = YES_ERROR;
				GCC_WARN_UNDECLARED_SELECTOR = YES;
				GCC_WARN_UNINITIALIZED_AUTOS = YES_AGGRESSIVE;
				GCC_WARN_UNUSED_FUNCTION = YES;
				GCC_WARN_UNUSED_VARIABLE = YES;
				IPHONEOS_DEPLOYMENT_TARGET = 12.1;
				MTL_ENABLE_DEBUG_INFO = NO;
				MTL_FAST_MATH = YES;
				SDKROOT = iphoneos;
				SWIFT_COMPILATION_MODE = wholemodule;
				SWIFT_OPTIMIZATION_LEVEL = "-O";
				VALIDATE_PRODUCT = YES;
			};
			name = Release;
		};
		89AE05A12224DC68007029D3 /* Debug */ = {
			isa = XCBuildConfiguration;
			buildSettings = {
				ASSETCATALOG_COMPILER_APPICON_NAME = AppIcon;
				CODE_SIGN_STYLE = Automatic;
				DEVELOPMENT_TEAM = CSDCFVFJ52;
				INFOPLIST_FILE = SaaSiOS/Info.plist;
				LD_RUNPATH_SEARCH_PATHS = (
					"$(inherited)",
					"@executable_path/Frameworks",
				);
				PRODUCT_BUNDLE_IDENTIFIER = com.companyname.SaaSiOS;
				PRODUCT_NAME = "$(TARGET_NAME)";
				SWIFT_VERSION = 4.2;
				TARGETED_DEVICE_FAMILY = "1,2";
			};
			name = Debug;
		};
		89AE05A22224DC68007029D3 /* Release */ = {
			isa = XCBuildConfiguration;
			buildSettings = {
				ASSETCATALOG_COMPILER_APPICON_NAME = AppIcon;
				CODE_SIGN_STYLE = Automatic;
				DEVELOPMENT_TEAM = CSDCFVFJ52;
				INFOPLIST_FILE = SaaSiOS/Info.plist;
				LD_RUNPATH_SEARCH_PATHS = (
					"$(inherited)",
					"@executable_path/Frameworks",
				);
				PRODUCT_BUNDLE_IDENTIFIER = com.companyname.SaaSiOS;
				PRODUCT_NAME = "$(TARGET_NAME)";
				SWIFT_VERSION = 4.2;
				TARGETED_DEVICE_FAMILY = "1,2";
			};
			name = Release;
		};
		89AE05A42224DC68007029D3 /* Debug */ = {
			isa = XCBuildConfiguration;
			buildSettings = {
				ALWAYS_EMBED_SWIFT_STANDARD_LIBRARIES = YES;
				BUNDLE_LOADER = "$(TEST_HOST)";
				CODE_SIGN_STYLE = Automatic;
				DEVELOPMENT_TEAM = CSDCFVFJ52;
				INFOPLIST_FILE = SaaSiOSTests/Info.plist;
				LD_RUNPATH_SEARCH_PATHS = (
					"$(inherited)",
					"@executable_path/Frameworks",
					"@loader_path/Frameworks",
				);
				PRODUCT_BUNDLE_IDENTIFIER = com.companyname.SaaSiOSTests;
				PRODUCT_NAME = "$(TARGET_NAME)";
				SWIFT_VERSION = 4.2;
				TARGETED_DEVICE_FAMILY = "1,2";
				TEST_HOST = "$(BUILT_PRODUCTS_DIR)/SaaSiOS.app/SaaSiOS";
			};
			name = Debug;
		};
		89AE05A52224DC68007029D3 /* Release */ = {
			isa = XCBuildConfiguration;
			buildSettings = {
				ALWAYS_EMBED_SWIFT_STANDARD_LIBRARIES = YES;
				BUNDLE_LOADER = "$(TEST_HOST)";
				CODE_SIGN_STYLE = Automatic;
				DEVELOPMENT_TEAM = CSDCFVFJ52;
				INFOPLIST_FILE = SaaSiOSTests/Info.plist;
				LD_RUNPATH_SEARCH_PATHS = (
					"$(inherited)",
					"@executable_path/Frameworks",
					"@loader_path/Frameworks",
				);
				PRODUCT_BUNDLE_IDENTIFIER = com.companyname.SaaSiOSTests;
				PRODUCT_NAME = "$(TARGET_NAME)";
				SWIFT_VERSION = 4.2;
				TARGETED_DEVICE_FAMILY = "1,2";
				TEST_HOST = "$(BUILT_PRODUCTS_DIR)/SaaSiOS.app/SaaSiOS";
			};
			name = Release;
		};
		89AE05A72224DC68007029D3 /* Debug */ = {
			isa = XCBuildConfiguration;
			buildSettings = {
				ALWAYS_EMBED_SWIFT_STANDARD_LIBRARIES = YES;
				CODE_SIGN_STYLE = Automatic;
				DEVELOPMENT_TEAM = CSDCFVFJ52;
				INFOPLIST_FILE = SaaSiOSUITests/Info.plist;
				LD_RUNPATH_SEARCH_PATHS = (
					"$(inherited)",
					"@executable_path/Frameworks",
					"@loader_path/Frameworks",
				);
				PRODUCT_BUNDLE_IDENTIFIER = com.companyname.SaaSiOSUITests;
				PRODUCT_NAME = "$(TARGET_NAME)";
				SWIFT_VERSION = 4.2;
				TARGETED_DEVICE_FAMILY = "1,2";
				TEST_TARGET_NAME = SaaSiOS;
			};
			name = Debug;
		};
		89AE05A82224DC68007029D3 /* Release */ = {
			isa = XCBuildConfiguration;
			buildSettings = {
				ALWAYS_EMBED_SWIFT_STANDARD_LIBRARIES = YES;
				CODE_SIGN_STYLE = Automatic;
				DEVELOPMENT_TEAM = CSDCFVFJ52;
				INFOPLIST_FILE = SaaSiOSUITests/Info.plist;
				LD_RUNPATH_SEARCH_PATHS = (
					"$(inherited)",
					"@executable_path/Frameworks",
					"@loader_path/Frameworks",
				);
				PRODUCT_BUNDLE_IDENTIFIER = com.companyname.SaaSiOSUITests;
				PRODUCT_NAME = "$(TARGET_NAME)";
				SWIFT_VERSION = 4.2;
				TARGETED_DEVICE_FAMILY = "1,2";
				TEST_TARGET_NAME = SaaSiOS;
			};
			name = Release;
		};
/* End XCBuildConfiguration section */

/* Begin XCConfigurationList section */
		89AE05732224DC67007029D3 /* Build configuration list for PBXProject "SaaSiOS" */ = {
			isa = XCConfigurationList;
			buildConfigurations = (
				89AE059E2224DC68007029D3 /* Debug */,
				89AE059F2224DC68007029D3 /* Release */,
			);
			defaultConfigurationIsVisible = 0;
			defaultConfigurationName = Release;
		};
		89AE05A02224DC68007029D3 /* Build configuration list for PBXNativeTarget "SaaSiOS" */ = {
			isa = XCConfigurationList;
			buildConfigurations = (
				89AE05A12224DC68007029D3 /* Debug */,
				89AE05A22224DC68007029D3 /* Release */,
			);
			defaultConfigurationIsVisible = 0;
			defaultConfigurationName = Release;
		};
		89AE05A32224DC68007029D3 /* Build configuration list for PBXNativeTarget "SaaSiOSTests" */ = {
			isa = XCConfigurationList;
			buildConfigurations = (
				89AE05A42224DC68007029D3 /* Debug */,
				89AE05A52224DC68007029D3 /* Release */,
			);
			defaultConfigurationIsVisible = 0;
			defaultConfigurationName = Release;
		};
		89AE05A62224DC68007029D3 /* Build configuration list for PBXNativeTarget "SaaSiOSUITests" */ = {
			isa = XCConfigurationList;
			buildConfigurations = (
				89AE05A72224DC68007029D3 /* Debug */,
				89AE05A82224DC68007029D3 /* Release */,
			);
			defaultConfigurationIsVisible = 0;
			defaultConfigurationName = Release;
		};
/* End XCConfigurationList section */
	};
	rootObject = 89AE05702224DC67007029D3 /* Project object */;
}
